<?xml version="1.0" encoding="utf-8"?>
<Project ToolsVersion="4.0" xmlns="http://schemas.microsoft.com/developer/msbuild/2003">
  <ItemGroup>
    <Filter Include="asm">
      <UniqueIdentifier>{eb7a1ea9-f0e6-4e21-8545-278295a8fe96}</UniqueIdentifier>
    </Filter>
  </ItemGroup>
  <ItemGroup>
    <NASM Include="jsimdcpu.asm">
      <Filter>asm</Filter>
    </NASM>
    <NASM Include="jccolor-mmx.asm">
      <Filter>asm</Filter>
    </NASM>
    <NASM Include="jccolor-sse2.asm">
      <Filter>asm</Filter>
    </NASM>
    <NASM Include="jccolor-sse2-64.asm">
      <Filter>asm</Filter>
    </NASM>
    <NASM Include="jcgray-mmx.asm">
      <Filter>asm</Filter>
    </NASM>
    <NASM Include="jcgray-sse2.asm">
      <Filter>asm</Filter>
    </NASM>
    <NASM Include="jcgray-sse2-64.asm">
      <Filter>asm</Filter>
    </NASM>
    <NASM Include="jcsample-mmx.asm">
      <Filter>asm</Filter>
    </NASM>
    <NASM Include="jcsample-sse2.asm">
      <Filter>asm</Filter>
    </NASM>
    <NASM Include="jcsample-sse2-64.asm">
      <Filter>asm</Filter>
    </NASM>
    <NASM Include="jdcolor-mmx.asm">
      <Filter>asm</Filter>
    </NASM>
    <NASM Include="jdcolor-sse2.asm">
      <Filter>asm</Filter>
    </NASM>
    <NASM Include="jdcolor-sse2-64.asm">
      <Filter>asm</Filter>
    </NASM>
    <NASM Include="jdmerge-mmx.asm">
      <Filter>asm</Filter>
    </NASM>
    <NASM Include="jdmerge-sse2.asm">
      <Filter>asm</Filter>
    </NASM>
    <NASM Include="jdmerge-sse2-64.asm">
      <Filter>asm</Filter>
    </NASM>
    <NASM Include="jdsample-mmx.asm">
      <Filter>asm</Filter>
    </NASM>
    <NASM Include="jdsample-sse2.asm">
      <Filter>asm</Filter>
    </NASM>
    <NASM Include="jdsample-sse2-64.asm">
      <Filter>asm</Filter>
    </NASM>
    <NASM Include="jfdctflt-3dn.asm">
      <Filter>asm</Filter>
    </NASM>
    <NASM Include="jfdctflt-sse.asm">
      <Filter>asm</Filter>
    </NASM>
    <NASM Include="jfdctflt-sse-64.asm">
      <Filter>asm</Filter>
    </NASM>
    <NASM Include="jfdctfst-mmx.asm">
      <Filter>asm</Filter>
    </NASM>
    <NASM Include="jfdctfst-sse2.asm">
      <Filter>asm</Filter>
    </NASM>
    <NASM Include="jfdctfst-sse2-64.asm">
      <Filter>asm</Filter>
    </NASM>
    <NASM Include="jfdctint-mmx.asm">
      <Filter>asm</Filter>
    </NASM>
    <NASM Include="jfdctint-sse2.asm">
      <Filter>asm</Filter>
    </NASM>
    <NASM Include="jfdctint-sse2-64.asm">
      <Filter>asm</Filter>
    </NASM>
    <NASM Include="jidctflt-3dn.asm">
      <Filter>asm</Filter>
    </NASM>
    <NASM Include="jidctflt-sse.asm">
      <Filter>asm</Filter>
    </NASM>
    <NASM Include="jidctflt-sse2.asm">
      <Filter>asm</Filter>
    </NASM>
    <NASM Include="jidctflt-sse2-64.asm">
      <Filter>asm</Filter>
    </NASM>
    <NASM Include="jidctfst-mmx.asm">
      <Filter>asm</Filter>
    </NASM>
    <NASM Include="jidctfst-sse2.asm">
      <Filter>asm</Filter>
    </NASM>
    <NASM Include="jidctfst-sse2-64.asm">
      <Filter>asm</Filter>
    </NASM>
    <NASM Include="jidctint-mmx.asm">
      <Filter>asm</Filter>
    </NASM>
    <NASM Include="jidctint-sse2.asm">
      <Filter>asm</Filter>
    </NASM>
    <NASM Include="jidctint-sse2-64.asm">
      <Filter>asm</Filter>
    </NASM>
    <NASM Include="jidctred-mmx.asm">
      <Filter>asm</Filter>
    </NASM>
    <NASM Include="jidctred-sse2.asm">
      <Filter>asm</Filter>
    </NASM>
    <NASM Include="jidctred-sse2-64.asm">
      <Filter>asm</Filter>
    </NASM>
    <NASM Include="jquant-3dn.asm">
      <Filter>asm</Filter>
    </NASM>
    <NASM Include="jquantf-sse2.asm">
      <Filter>asm</Filter>
    </NASM>
    <NASM Include="jquantf-sse2-64.asm">
      <Filter>asm</Filter>
    </NASM>
    <NASM Include="jquanti-sse2.asm">
      <Filter>asm</Filter>
    </NASM>
    <NASM Include="jquanti-sse2-64.asm">
      <Filter>asm</Filter>
    </NASM>
    <NASM Include="jquant-mmx.asm">
      <Filter>asm</Filter>
    </NASM>
    <NASM Include="jquant-sse.asm">
      <Filter>asm</Filter>
    </NASM>
  </ItemGroup>
</Project>