<?xml version="1.0" encoding="utf-8"?>
<Project ToolsVersion="4.0" xmlns="http://schemas.microsoft.com/developer/msbuild/2003">
  <ItemGroup>
    <ClCompile Include=".\jaricom.c">
      <Filter>Source Files</Filter>
    </ClCompile>
    <ClCompile Include=".\jutils.c">
      <Filter>Source Files</Filter>
    </ClCompile>
    <ClCompile Include=".\jcapimin.c">
      <Filter>Source Files</Filter>
    </ClCompile>
    <ClCompile Include=".\jcapistd.c">
      <Filter>Source Files</Filter>
    </ClCompile>
    <ClCompile Include=".\jcarith.c">
      <Filter>Source Files</Filter>
    </ClCompile>
    <ClCompile Include=".\jccoefct.c">
      <Filter>Source Files</Filter>
    </ClCompile>
    <ClCompile Include=".\jccolor.c">
      <Filter>Source Files</Filter>
    </ClCompile>
    <ClCompile Include=".\jcdctmgr.c">
      <Filter>Source Files</Filter>
    </ClCompile>
    <ClCompile Include=".\jchuff.c">
      <Filter>Source Files</Filter>
    </ClCompile>
    <ClCompile Include=".\jcinit.c">
      <Filter>Source Files</Filter>
    </ClCompile>
    <ClCompile Include=".\jcmainct.c">
      <Filter>Source Files</Filter>
    </ClCompile>
    <ClCompile Include=".\jcmarker.c">
      <Filter>Source Files</Filter>
    </ClCompile>
    <ClCompile Include=".\jcmaster.c">
      <Filter>Source Files</Filter>
    </ClCompile>
    <ClCompile Include=".\jcomapi.c">
      <Filter>Source Files</Filter>
    </ClCompile>
    <ClCompile Include=".\jcparam.c">
      <Filter>Source Files</Filter>
    </ClCompile>
    <ClCompile Include=".\jcphuff.c">
      <Filter>Source Files</Filter>
    </ClCompile>
    <ClCompile Include=".\jcprepct.c">
      <Filter>Source Files</Filter>
    </ClCompile>
    <ClCompile Include=".\jcsample.c">
      <Filter>Source Files</Filter>
    </ClCompile>
    <ClCompile Include=".\jctrans.c">
      <Filter>Source Files</Filter>
    </ClCompile>
    <ClCompile Include=".\jdapimin.c">
      <Filter>Source Files</Filter>
    </ClCompile>
    <ClCompile Include=".\jdapistd.c">
      <Filter>Source Files</Filter>
    </ClCompile>
    <ClCompile Include=".\jdarith.c">
      <Filter>Source Files</Filter>
    </ClCompile>
    <ClCompile Include=".\jdatadst.c">
      <Filter>Source Files</Filter>
    </ClCompile>
    <ClCompile Include=".\jdatasrc.c">
      <Filter>Source Files</Filter>
    </ClCompile>
    <ClCompile Include=".\jdcoefct.c">
      <Filter>Source Files</Filter>
    </ClCompile>
    <ClCompile Include=".\jdcolor.c">
      <Filter>Source Files</Filter>
    </ClCompile>
    <ClCompile Include=".\jddctmgr.c">
      <Filter>Source Files</Filter>
    </ClCompile>
    <ClCompile Include=".\jdhuff.c">
      <Filter>Source Files</Filter>
    </ClCompile>
    <ClCompile Include=".\jdinput.c">
      <Filter>Source Files</Filter>
    </ClCompile>
    <ClCompile Include=".\jdmainct.c">
      <Filter>Source Files</Filter>
    </ClCompile>
    <ClCompile Include=".\jdmarker.c">
      <Filter>Source Files</Filter>
    </ClCompile>
    <ClCompile Include=".\jdmaster.c">
      <Filter>Source Files</Filter>
    </ClCompile>
    <ClCompile Include=".\jdmerge.c">
      <Filter>Source Files</Filter>
    </ClCompile>
    <ClCompile Include=".\jdphuff.c">
      <Filter>Source Files</Filter>
    </ClCompile>
    <ClCompile Include=".\jdpostct.c">
      <Filter>Source Files</Filter>
    </ClCompile>
    <ClCompile Include=".\jdsample.c">
      <Filter>Source Files</Filter>
    </ClCompile>
    <ClCompile Include=".\jdtrans.c">
      <Filter>Source Files</Filter>
    </ClCompile>
    <ClCompile Include=".\jerror.c">
      <Filter>Source Files</Filter>
    </ClCompile>
    <ClCompile Include=".\jfdctflt.c">
      <Filter>Source Files</Filter>
    </ClCompile>
    <ClCompile Include=".\jfdctfst.c">
      <Filter>Source Files</Filter>
    </ClCompile>
    <ClCompile Include=".\jfdctint.c">
      <Filter>Source Files</Filter>
    </ClCompile>
    <ClCompile Include=".\jidctflt.c">
      <Filter>Source Files</Filter>
    </ClCompile>
    <ClCompile Include=".\jidctfst.c">
      <Filter>Source Files</Filter>
    </ClCompile>
    <ClCompile Include=".\jidctint.c">
      <Filter>Source Files</Filter>
    </ClCompile>
    <ClCompile Include=".\jidctred.c">
      <Filter>Source Files</Filter>
    </ClCompile>
    <ClCompile Include=".\jmemmgr.c">
      <Filter>Source Files</Filter>
    </ClCompile>
    <ClCompile Include=".\jmemnobs.c">
      <Filter>Source Files</Filter>
    </ClCompile>
    <ClCompile Include=".\jquant1.c">
      <Filter>Source Files</Filter>
    </ClCompile>
    <ClCompile Include=".\jquant2.c">
      <Filter>Source Files</Filter>
    </ClCompile>
    <ClCompile Include=".\simd\jsimd_i386.c">
      <Filter>Source Files</Filter>
    </ClCompile>
    <ClCompile Include="simd\jsimd_x86_64.c">
      <Filter>Source Files</Filter>
    </ClCompile>
  </ItemGroup>
  <ItemGroup>
    <Object Include="$(SolutionDir)\Build\$(Configuration)\simd\jccolor-mmx.obj">
      <Filter>32-bit Object Files</Filter>
    </Object>
    <Object Include="$(SolutionDir)\Build\$(Configuration)\simd\jccolor-sse2.obj">
      <Filter>32-bit Object Files</Filter>
    </Object>
    <Object Include="$(SolutionDir)\Build\$(Configuration)\simd\jcgray-mmx.obj">
      <Filter>32-bit Object Files</Filter>
    </Object>
    <Object Include="$(SolutionDir)\Build\$(Configuration)\simd\jcgray-sse2.obj">
      <Filter>32-bit Object Files</Filter>
    </Object>
    <Object Include="$(SolutionDir)\Build\$(Configuration)\simd\jcsample-mmx.obj">
      <Filter>32-bit Object Files</Filter>
    </Object>
    <Object Include="$(SolutionDir)\Build\$(Configuration)\simd\jcsample-sse2.obj">
      <Filter>32-bit Object Files</Filter>
    </Object>
    <Object Include="$(SolutionDir)\Build\$(Configuration)\simd\jdcolor-mmx.obj">
      <Filter>32-bit Object Files</Filter>
    </Object>
    <Object Include="$(SolutionDir)\Build\$(Configuration)\simd\jdcolor-sse2.obj">
      <Filter>32-bit Object Files</Filter>
    </Object>
    <Object Include="$(SolutionDir)\Build\$(Configuration)\simd\jdmerge-mmx.obj">
      <Filter>32-bit Object Files</Filter>
    </Object>
    <Object Include="$(SolutionDir)\Build\$(Configuration)\simd\jdmerge-sse2.obj">
      <Filter>32-bit Object Files</Filter>
    </Object>
    <Object Include="$(SolutionDir)\Build\$(Configuration)\simd\jdsample-mmx.obj">
      <Filter>32-bit Object Files</Filter>
    </Object>
    <Object Include="$(SolutionDir)\Build\$(Configuration)\simd\jdsample-sse2.obj">
      <Filter>32-bit Object Files</Filter>
    </Object>
    <Object Include="$(SolutionDir)\Build\$(Configuration)\simd\jfdctflt-3dn.obj">
      <Filter>32-bit Object Files</Filter>
    </Object>
    <Object Include="$(SolutionDir)\Build\$(Configuration)\simd\jfdctflt-sse.obj">
      <Filter>32-bit Object Files</Filter>
    </Object>
    <Object Include="$(SolutionDir)\Build\$(Configuration)\simd\jfdctfst-mmx.obj">
      <Filter>32-bit Object Files</Filter>
    </Object>
    <Object Include="$(SolutionDir)\Build\$(Configuration)\simd\jfdctfst-sse2.obj">
      <Filter>32-bit Object Files</Filter>
    </Object>
    <Object Include="$(SolutionDir)\Build\$(Configuration)\simd\jfdctint-mmx.obj">
      <Filter>32-bit Object Files</Filter>
    </Object>
    <Object Include="$(SolutionDir)\Build\$(Configuration)\simd\jfdctint-sse2.obj">
      <Filter>32-bit Object Files</Filter>
    </Object>
    <Object Include="$(SolutionDir)\Build\$(Configuration)\simd\jidctflt-3dn.obj">
      <Filter>32-bit Object Files</Filter>
    </Object>
    <Object Include="$(SolutionDir)\Build\$(Configuration)\simd\jidctflt-sse.obj">
      <Filter>32-bit Object Files</Filter>
    </Object>
    <Object Include="$(SolutionDir)\Build\$(Configuration)\simd\jidctflt-sse2.obj">
      <Filter>32-bit Object Files</Filter>
    </Object>
    <Object Include="$(SolutionDir)\Build\$(Configuration)\simd\jidctfst-mmx.obj">
      <Filter>32-bit Object Files</Filter>
    </Object>
    <Object Include="$(SolutionDir)\Build\$(Configuration)\simd\jidctfst-sse2.obj">
      <Filter>32-bit Object Files</Filter>
    </Object>
    <Object Include="$(SolutionDir)\Build\$(Configuration)\simd\jidctint-mmx.obj">
      <Filter>32-bit Object Files</Filter>
    </Object>
    <Object Include="$(SolutionDir)\Build\$(Configuration)\simd\jidctint-sse2.obj">
      <Filter>32-bit Object Files</Filter>
    </Object>
    <Object Include="$(SolutionDir)\Build\$(Configuration)\simd\jidctred-mmx.obj">
      <Filter>32-bit Object Files</Filter>
    </Object>
    <Object Include="$(SolutionDir)\Build\$(Configuration)\simd\jidctred-sse2.obj">
      <Filter>32-bit Object Files</Filter>
    </Object>
    <Object Include="$(SolutionDir)\Build\$(Configuration)\simd\jquant-3dn.obj">
      <Filter>32-bit Object Files</Filter>
    </Object>
    <Object Include="$(SolutionDir)\Build\$(Configuration)\simd\jquantf-sse2.obj">
      <Filter>32-bit Object Files</Filter>
    </Object>
    <Object Include="$(SolutionDir)\Build\$(Configuration)\simd\jquanti-sse2.obj">
      <Filter>32-bit Object Files</Filter>
    </Object>
    <Object Include="$(SolutionDir)\Build\$(Configuration)\simd\jquant-mmx.obj">
      <Filter>32-bit Object Files</Filter>
    </Object>
    <Object Include="$(SolutionDir)\Build\$(Configuration)\simd\jquant-sse.obj">
      <Filter>32-bit Object Files</Filter>
    </Object>
    <Object Include="$(SolutionDir)\Build\$(Configuration)\simd\jsimdcpu.obj">
      <Filter>32-bit Object Files</Filter>
    </Object>
    <Object Include="$(SolutionDir)\Build\$(Configuration)\simd\x64\jccolor-sse2-64.obj">
      <Filter>64-bit Object Files</Filter>
    </Object>
    <Object Include="$(SolutionDir)\Build\$(Configuration)\simd\x64\jcgray-sse2-64.obj">
      <Filter>64-bit Object Files</Filter>
    </Object>
    <Object Include="$(SolutionDir)\Build\$(Configuration)\simd\x64\jcsample-sse2-64.obj">
      <Filter>64-bit Object Files</Filter>
    </Object>
    <Object Include="$(SolutionDir)\Build\$(Configuration)\simd\x64\jdcolor-sse2-64.obj">
      <Filter>64-bit Object Files</Filter>
    </Object>
    <Object Include="$(SolutionDir)\Build\$(Configuration)\simd\x64\jdmerge-sse2-64.obj">
      <Filter>64-bit Object Files</Filter>
    </Object>
    <Object Include="$(SolutionDir)\Build\$(Configuration)\simd\x64\jdsample-sse2-64.obj">
      <Filter>64-bit Object Files</Filter>
    </Object>
    <Object Include="$(SolutionDir)\Build\$(Configuration)\simd\x64\jfdctflt-sse-64.obj">
      <Filter>64-bit Object Files</Filter>
    </Object>
    <Object Include="$(SolutionDir)\Build\$(Configuration)\simd\x64\jfdctfst-sse2-64.obj">
      <Filter>64-bit Object Files</Filter>
    </Object>
    <Object Include="$(SolutionDir)\Build\$(Configuration)\simd\x64\jfdctint-sse2-64.obj">
      <Filter>64-bit Object Files</Filter>
    </Object>
    <Object Include="$(SolutionDir)\Build\$(Configuration)\simd\x64\jidctflt-sse2-64.obj">
      <Filter>64-bit Object Files</Filter>
    </Object>
    <Object Include="$(SolutionDir)\Build\$(Configuration)\simd\x64\jidctfst-sse2-64.obj">
      <Filter>64-bit Object Files</Filter>
    </Object>
    <Object Include="$(SolutionDir)\Build\$(Configuration)\simd\x64\jidctint-sse2-64.obj">
      <Filter>64-bit Object Files</Filter>
    </Object>
    <Object Include="$(SolutionDir)\Build\$(Configuration)\simd\x64\jidctred-sse2-64.obj">
      <Filter>64-bit Object Files</Filter>
    </Object>
    <Object Include="$(SolutionDir)\Build\$(Configuration)\simd\x64\jquantf-sse2-64.obj">
      <Filter>64-bit Object Files</Filter>
    </Object>
    <Object Include="$(SolutionDir)\Build\$(Configuration)\simd\x64\jquanti-sse2-64.obj">
      <Filter>64-bit Object Files</Filter>
    </Object>
  </ItemGroup>
  <ItemGroup>
    <Filter Include="Source Files">
      <UniqueIdentifier>{68625B53-41DF-4576-9FCE-F8445A580DB2}</UniqueIdentifier>
    </Filter>
    <Filter Include="32-bit Object Files">
      <UniqueIdentifier>{820C44F0-3EA7-47CB-83B2-11760230F373}</UniqueIdentifier>
    </Filter>
    <Filter Include="64-bit Object Files">
      <UniqueIdentifier>{03f1ff28-3e81-4c43-bb22-3f7246bb9d9b}</UniqueIdentifier>
    </Filter>
  </ItemGroup>
</Project>